
Microsoft Visual Studio Solution File, Format Version 12.00
# Visual Studio 15
VisualStudioVersion = 15.0.28307.271
MinimumVisualStudioVersion = 10.0.40219.1
Project("{FAE04EC0-301F-11D3-BF4B-00C04F79EFBC}") = "NBA", "NBA\NBA.csproj", "{6F826EF2-388C-43D5-B00E-65281EBCE975}"
EndProject
Global
	GlobalSection(SolutionConfigurationPlatforms) = preSolution
		Debug|Any CPU = Debug|Any CPU
		Release|Any CPU = Release|Any CPU
	EndGlobalSection
	GlobalSection(ProjectConfigurationPlatforms) = postSolution
		{6F826EF2-388C-43D5-B00E-65281EBCE975}.Debug|Any CPU.ActiveCfg = Debug|Any CPU
		{6F826EF2-388C-43D5-B00E-65281EBCE975}.Debug|Any CPU.Build.0 = Debug|Any CPU
		{6F826EF2-388C-43D5-B00E-65281EBCE975}.Release|Any CPU.ActiveCfg = Release|Any CPU
		{6F826EF2-388C-43D5-B00E-65281EBCE975}.Release|Any CPU.Build.0 = Release|Any CPU
	EndGlobalSection
	GlobalSection(SolutionProperties) = preSolution
		HideSolutionNode = FALSE
	EndGlobalSection
	GlobalSection(ExtensibilityGlobals) = postSolution
		SolutionGuid = {C25E75C9-CB48-4BCA-AEF0-59C094B93063}
	EndGlobalSection
EndGlobal
